// !$*UTF8*$!
{
	archiveVersion = 1;
	classes = {
	};
	objectVersion = 46;
	objects = {

/* Begin PBXBuildFile section */
		C1F1B07716400A19006A99ED /* UIKit.framework in Frameworks */ = {isa = PBXBuildFile; fileRef = C1F1B07616400A19006A99ED /* UIKit.framework */; };
		C1F1B07916400A19006A99ED /* Foundation.framework in Frameworks */ = {isa = PBXBuildFile; fileRef = C1F1B07816400A19006A99ED /* Foundation.framework */; };
		C1F1B07B16400A19006A99ED /* CoreGraphics.framework in Frameworks */ = {isa = PBXBuildFile; fileRef = C1F1B07A16400A19006A99ED /* CoreGraphics.framework */; };
		C1F1B08116400A19006A99ED /* InfoPlist.strings in Resources */ = {isa = PBXBuildFile; fileRef = C1F1B07F16400A19006A99ED /* InfoPlist.strings */; };
		C1F1B08316400A19006A99ED /* main.m in Sources */ = {isa = PBXBuildFile; fileRef = C1F1B08216400A19006A99ED /* main.m */; };
		C1F1B08716400A19006A99ED /* AppDelegate.m in Sources */ = {isa = PBXBuildFile; fileRef = C1F1B08616400A19006A99ED /* AppDelegate.m */; };
		C1F1B08916400A19006A99ED /* Default.png in Resources */ = {isa = PBXBuildFile; fileRef = C1F1B08816400A19006A99ED /* Default.png */; };
		C1F1B08B16400A19006A99ED /* Default@2x.png in Resources */ = {isa = PBXBuildFile; fileRef = C1F1B08A16400A19006A99ED /* Default@2x.png */; };
		C1F1B08D16400A19006A99ED /* Default-568h@2x.png in Resources */ = {isa = PBXBuildFile; fileRef = C1F1B08C16400A19006A99ED /* Default-568h@2x.png */; };
		C1F1B09016400A19006A99ED /* ViewController.m in Sources */ = {isa = PBXBuildFile; fileRef = C1F1B08F16400A19006A99ED /* ViewController.m */; };
		C1F1B09316400A19006A99ED /* ViewController.xib in Resources */ = {isa = PBXBuildFile; fileRef = C1F1B09116400A19006A99ED /* ViewController.xib */; };
		C1F1B09A16400BF4006A99ED /* temp.JPEG in Resources */ = {isa = PBXBuildFile; fileRef = C1F1B09916400BF4006A99ED /* temp.JPEG */; };
		C1F1B09C164019F0006A99ED /* windows-live-mesh.png in Resources */ = {isa = PBXBuildFile; fileRef = C1F1B09B164019F0006A99ED /* windows-live-mesh.png */; };
/* End PBXBuildFile section */

/* Begin PBXFileReference section */
		C1F1B07216400A19006A99ED /* blendImages.app */ = {isa = PBXFileReference; explicitFileType = wrapper.application; includeInIndex = 0; path = blendImages.app; sourceTree = BUILT_PRODUCTS_DIR; };
		C1F1B07616400A19006A99ED /* UIKit.framework */ = {isa = PBXFileReference; lastKnownFileType = wrapper.framework; name = UIKit.framework; path = System/Library/Frameworks/UIKit.framework; sourceTree = SDKROOT; };
		C1F1B07816400A19006A99ED /* Foundation.framework */ = {isa = PBXFileReference; lastKnownFileType = wrapper.framework; name = Foundation.framework; path = System/Library/Frameworks/Foundation.framework; sourceTree = SDKROOT; };
		C1F1B07A16400A19006A99ED /* CoreGraphics.framework */ = {isa = PBXFileReference; lastKnownFileType = wrapper.framework; name = CoreGraphics.framework; path = System/Library/Frameworks/CoreGraphics.framework; sourceTree = SDKROOT; };
		C1F1B07E16400A19006A99ED /* blendImages-Info.plist */ = {isa = PBXFileReference; lastKnownFileType = text.plist.xml; path = "blendImages-Info.plist"; sourceTree = "<group>"; };
		C1F1B08016400A19006A99ED /* en */ = {isa = PBXFileReference; lastKnownFileType = text.plist.strings; name = en; path = en.lproj/InfoPlist.strings; sourceTree = "<group>"; };
		C1F1B08216400A19006A99ED /* main.m */ = {isa = PBXFileReference; lastKnownFileType = sourcecode.c.objc; path = main.m; sourceTree = "<group>"; };
		C1F1B08416400A19006A99ED /* blendImages-Prefix.pch */ = {isa = PBXFileReference; lastKnownFileType = sourcecode.c.h; path = "blendImages-Prefix.pch"; sourceTree = "<group>"; };
		C1F1B08516400A19006A99ED /* AppDelegate.h */ = {isa = PBXFileReference; lastKnownFileType = sourcecode.c.h; path = AppDelegate.h; sourceTree = "<group>"; };
		C1F1B08616400A19006A99ED /* AppDelegate.m */ = {isa = PBXFileReference; lastKnownFileType = sourcecode.c.objc; path = AppDelegate.m; sourceTree = "<group>"; };
		C1F1B08816400A19006A99ED /* Default.png */ = {isa = PBXFileReference; lastKnownFileType = image.png; path = Default.png; sourceTree = "<group>"; };
		C1F1B08A16400A19006A99ED /* Default@2x.png */ = {isa = PBXFileReference; lastKnownFileType = image.png; path = "Default@2x.png"; sourceTree = "<group>"; };
		C1F1B08C16400A19006A99ED /* Default-568h@2x.png */ = {isa = PBXFileReference; lastKnownFileType = image.png; path = "Default-568h@2x.png"; sourceTree = "<group>"; };
		C1F1B08E16400A19006A99ED /* ViewController.h */ = {isa = PBXFileReference; lastKnownFileType = sourcecode.c.h; path = ViewController.h; sourceTree = "<group>"; };
		C1F1B08F16400A19006A99ED /* ViewController.m */ = {isa = PBXFileReference; lastKnownFileType = sourcecode.c.objc; path = ViewController.m; sourceTree = "<group>"; };
		C1F1B09216400A19006A99ED /* en */ = {isa = PBXFileReference; lastKnownFileType = file.xib; name = en; path = en.lproj/ViewController.xib; sourceTree = "<group>"; };
		C1F1B09916400BF4006A99ED /* temp.JPEG */ = {isa = PBXFileReference; lastKnownFileType = image.jpeg; path = temp.JPEG; sourceTree = "<group>"; };
		C1F1B09B164019F0006A99ED /* windows-live-mesh.png */ = {isa = PBXFileReference; lastKnownFileType = image.png; path = "windows-live-mesh.png"; sourceTree = "<group>"; };
/* End PBXFileReference section */

/* Begin PBXFrameworksBuildPhase section */
		C1F1B06F16400A19006A99ED /* Frameworks */ = {
			isa = PBXFrameworksBuildPhase;
			buildActionMask = 2147483647;
			files = (
				C1F1B07716400A19006A99ED /* UIKit.framework in Frameworks */,
				C1F1B07916400A19006A99ED /* Foundation.framework in Frameworks */,
				C1F1B07B16400A19006A99ED /* CoreGraphics.framework in Frameworks */,
			);
			runOnlyForDeploymentPostprocessing = 0;
		};
/* End PBXFrameworksBuildPhase section */

/* Begin PBXGroup section */
		C1F1B06716400A19006A99ED = {
			isa = PBXGroup;
			children = (
				C1F1B07C16400A19006A99ED /* blendImages */,
				C1F1B07516400A19006A99ED /* Frameworks */,
				C1F1B07316400A19006A99ED /* Products */,
			);
			sourceTree = "<group>";
		};
		C1F1B07316400A19006A99ED /* Products */ = {
			isa = PBXGroup;
			children = (
				C1F1B07216400A19006A99ED /* blendImages.app */,
			);
			name = Products;
			sourceTree = "<group>";
		};
		C1F1B07516400A19006A99ED /* Frameworks */ = {
			isa = PBXGroup;
			children = (
				C1F1B07616400A19006A99ED /* UIKit.framework */,
				C1F1B07816400A19006A99ED /* Foundation.framework */,
				C1F1B07A16400A19006A99ED /* CoreGraphics.framework */,
			);
			name = Frameworks;
			sourceTree = "<group>";
		};
		C1F1B07C16400A19006A99ED /* blendImages */ = {
			isa = PBXGroup;
			children = (
				C1F1B08516400A19006A99ED /* AppDelegate.h */,
				C1F1B08616400A19006A99ED /* AppDelegate.m */,
				C1F1B08E16400A19006A99ED /* ViewController.h */,
				C1F1B08F16400A19006A99ED /* ViewController.m */,
				C1F1B09116400A19006A99ED /* ViewController.xib */,
				C1F1B07D16400A19006A99ED /* Supporting Files */,
			);
			path = blendImages;
			sourceTree = "<group>";
		};
		C1F1B07D16400A19006A99ED /* Supporting Files */ = {
			isa = PBXGroup;
			children = (
				C1F1B09B164019F0006A99ED /* windows-live-mesh.png */,
				C1F1B09916400BF4006A99ED /* temp.JPEG */,
				C1F1B07E16400A19006A99ED /* blendImages-Info.plist */,
				C1F1B07F16400A19006A99ED /* InfoPlist.strings */,
				C1F1B08216400A19006A99ED /* main.m */,
				C1F1B08416400A19006A99ED /* blendImages-Prefix.pch */,
				C1F1B08816400A19006A99ED /* Default.png */,
				C1F1B08A16400A19006A99ED /* Default@2x.png */,
				C1F1B08C16400A19006A99ED /* Default-568h@2x.png */,
			);
			name = "Supporting Files";
			sourceTree = "<group>";
		};
/* End PBXGroup section */

/* Begin PBXNativeTarget section */
		C1F1B07116400A19006A99ED /* blendImages */ = {
			isa = PBXNativeTarget;
			buildConfigurationList = C1F1B09616400A19006A99ED /* Build configuration list for PBXNativeTarget "blendImages" */;
			buildPhases = (
				C1F1B06E16400A19006A99ED /* Sources */,
				C1F1B06F16400A19006A99ED /* Frameworks */,
				C1F1B07016400A19006A99ED /* Resources */,
			);
			buildRules = (
			);
			dependencies = (
			);
			name = blendImages;
			productName = blendImages;
			productReference = C1F1B07216400A19006A99ED /* blendImages.app */;
			productType = "com.apple.product-type.application";
		};
/* End PBXNativeTarget section */

/* Begin PBXProject section */
		C1F1B06916400A19006A99ED /* Project object */ = {
			isa = PBXProject;
			attributes = {
				LastUpgradeCheck = 0450;
				ORGANIZATIONNAME = greentea;
			};
			buildConfigurationList = C1F1B06C16400A19006A99ED /* Build configuration list for PBXProject "blendImages" */;
			compatibilityVersion = "Xcode 3.2";
			developmentRegion = English;
			hasScannedForEncodings = 0;
			knownRegions = (
				en,
			);
			mainGroup = C1F1B06716400A19006A99ED;
			productRefGroup = C1F1B07316400A19006A99ED /* Products */;
			projectDirPath = "";
			projectRoot = "";
			targets = (
				C1F1B07116400A19006A99ED /* blendImages */,
			);
		};
/* End PBXProject section */

/* Begin PBXResourcesBuildPhase section */
		C1F1B07016400A19006A99ED /* Resources */ = {
			isa = PBXResourcesBuildPhase;
			buildActionMask = 2147483647;
			files = (
				C1F1B08116400A19006A99ED /* InfoPlist.strings in Resources */,
				C1F1B08916400A19006A99ED /* Default.png in Resources */,
				C1F1B08B16400A19006A99ED /* Default@2x.png in Resources */,
				C1F1B08D16400A19006A99ED /* Default-568h@2x.png in Resources */,
				C1F1B09316400A19006A99ED /* ViewController.xib in Resources */,
				C1F1B09A16400BF4006A99ED /* temp.JPEG in Resources */,
				C1F1B09C164019F0006A99ED /* windows-live-mesh.png in Resources */,
			);
			runOnlyForDeploymentPostprocessing = 0;
		};
/* End PBXResourcesBuildPhase section */

/* Begin PBXSourcesBuildPhase section */
		C1F1B06E16400A19006A99ED /* Sources */ = {
			isa = PBXSourcesBuildPhase;
			buildActionMask = 2147483647;
			files = (
				C1F1B08316400A19006A99ED /* main.m in Sources */,
				C1F1B08716400A19006A99ED /* AppDelegate.m in Sources */,
				C1F1B09016400A19006A99ED /* ViewController.m in Sources */,
			);
			runOnlyForDeploymentPostprocessing = 0;
		};
/* End PBXSourcesBuildPhase section */

/* Begin PBXVariantGroup section */
		C1F1B07F16400A19006A99ED /* InfoPlist.strings */ = {
			isa = PBXVariantGroup;
			children = (
				C1F1B08016400A19006A99ED /* en */,
			);
			name = InfoPlist.strings;
			sourceTree = "<group>";
		};
		C1F1B09116400A19006A99ED /* ViewController.xib */ = {
			isa = PBXVariantGroup;
			children = (
				C1F1B09216400A19006A99ED /* en */,
			);
			name = ViewController.xib;
			sourceTree = "<group>";
		};
/* End PBXVariantGroup section */

/* Begin XCBuildConfiguration section */
		C1F1B09416400A19006A99ED /* Debug */ = {
			isa = XCBuildConfiguration;
			buildSettings = {
				ALWAYS_SEARCH_USER_PATHS = NO;
				CLANG_CXX_LANGUAGE_STANDARD = "gnu++0x";
				CLANG_CXX_LIBRARY = "libc++";
				CLANG_WARN_EMPTY_BODY = YES;
				CLANG_WARN__DUPLICATE_METHOD_MATCH = YES;
				"CODE_SIGN_IDENTITY[sdk=iphoneos*]" = "iPhone Developer";
				COPY_PHASE_STRIP = NO;
				GCC_C_LANGUAGE_STANDARD = gnu99;
				GCC_DYNAMIC_NO_PIC = NO;
				GCC_OPTIMIZATION_LEVEL = 0;
				GCC_PREPROCESSOR_DEFINITIONS = (
					"DEBUG=1",
					"$(inherited)",
				);
				GCC_SYMBOLS_PRIVATE_EXTERN = NO;
				GCC_WARN_ABOUT_RETURN_TYPE = YES;
				GCC_WARN_UNINITIALIZED_AUTOS = YES;
				GCC_WARN_UNUSED_VARIABLE = YES;
				IPHONEOS_DEPLOYMENT_TARGET = 6.0;
				ONLY_ACTIVE_ARCH = YES;
				SDKROOT = iphoneos;
			};
			name = Debug;
		};
		C1F1B09516400A19006A99ED /* Release */ = {
			isa = XCBuildConfiguration;
			buildSettings = {
				ALWAYS_SEARCH_USER_PATHS = NO;
				CLANG_CXX_LANGUAGE_STANDARD = "gnu++0x";
				CLANG_CXX_LIBRARY = "libc++";
				CLANG_WARN_EMPTY_BODY = YES;
				CLANG_WARN__DUPLICATE_METHOD_MATCH = YES;
				"CODE_SIGN_IDENTITY[sdk=iphoneos*]" = "iPhone Developer";
				COPY_PHASE_STRIP = YES;
				GCC_C_LANGUAGE_STANDARD = gnu99;
				GCC_WARN_ABOUT_RETURN_TYPE = YES;
				GCC_WARN_UNINITIALIZED_AUTOS = YES;
				GCC_WARN_UNUSED_VARIABLE = YES;
				IPHONEOS_DEPLOYMENT_TARGET = 6.0;
				OTHER_CFLAGS = "-DNS_BLOCK_ASSERTIONS=1";
				SDKROOT = iphoneos;
				VALIDATE_PRODUCT = YES;
			};
			name = Release;
		};
		C1F1B09716400A19006A99ED /* Debug */ = {
			isa = XCBuildConfiguration;
			buildSettings = {
				GCC_PRECOMPILE_PREFIX_HEADER = YES;
				GCC_PREFIX_HEADER = "blendImages/blendImages-Prefix.pch";
				INFOPLIST_FILE = "blendImages/blendImages-Info.plist";
				IPHONEOS_DEPLOYMENT_TARGET = 5.1;
				PRODUCT_NAME = "$(TARGET_NAME)";
				WRAPPER_EXTENSION = app;
			};
			name = Debug;
		};
		C1F1B09816400A19006A99ED /* Release */ = {
			isa = XCBuildConfiguration;
			buildSettings = {
				GCC_PRECOMPILE_PREFIX_HEADER = YES;
				GCC_PREFIX_HEADER = "blendImages/blendImages-Prefix.pch";
				INFOPLIST_FILE = "blendImages/blendImages-Info.plist";
				IPHONEOS_DEPLOYMENT_TARGET = 5.1;
				PRODUCT_NAME = "$(TARGET_NAME)";
				WRAPPER_EXTENSION = app;
			};
			name = Release;
		};
/* End XCBuildConfiguration section */

/* Begin XCConfigurationList section */
		C1F1B06C16400A19006A99ED /* Build configuration list for PBXProject "blendImages" */ = {
			isa = XCConfigurationList;
			buildConfigurations = (
				C1F1B09416400A19006A99ED /* Debug */,
				C1F1B09516400A19006A99ED /* Release */,
			);
			defaultConfigurationIsVisible = 0;
			defaultConfigurationName = Release;
		};
		C1F1B09616400A19006A99ED /* Build configuration list for PBXNativeTarget "blendImages" */ = {
			isa = XCConfigurationList;
			buildConfigurations = (
				C1F1B09716400A19006A99ED /* Debug */,
				C1F1B09816400A19006A99ED /* Release */,
			);
			defaultConfigurationIsVisible = 0;
		};
/* End XCConfigurationList section */
	};
	rootObject = C1F1B06916400A19006A99ED /* Project object */;
}
